<?xml version="1.0" encoding="utf-8"?>
<Project ToolsVersion="4.0" xmlns="http://schemas.microsoft.com/developer/msbuild/2003">
  <ItemGroup>
    <Filter Include="源文件">
      <UniqueIdentifier>{4FC737F1-C7A5-4376-A066-2A32D752A2FF}</UniqueIdentifier>
      <Extensions>cpp;c;cc;cxx;def;odl;idl;hpj;bat;asm;asmx</Extensions>
    </Filter>
    <Filter Include="头文件">
      <UniqueIdentifier>{93995380-89BD-4b04-88EB-625FBE52EBFB}</UniqueIdentifier>
      <Extensions>h;hh;hpp;hxx;hm;inl;inc;ipp;xsd</Extensions>
    </Filter>
    <Filter Include="资源文件">
      <UniqueIdentifier>{67DA6AB6-F800-4c08-8B7A-83BB121AAD01}</UniqueIdentifier>
      <Extensions>rc;ico;cur;bmp;dlg;rc2;rct;bin;rgs;gif;jpg;jpeg;jpe;resx;tiff;tif;png;wav;mfcribbon-ms</Extensions>
    </Filter>
    <Filter Include="Imp">
      <UniqueIdentifier>{16f032a0-7447-46d6-9143-a7fbb8e532b1}</UniqueIdentifier>
    </Filter>
    <Filter Include="Math">
      <UniqueIdentifier>{8ef23b3e-b55d-4270-a5a8-44c9b5aef9fa}</UniqueIdentifier>
    </Filter>
    <Filter Include="Math\Header">
      <UniqueIdentifier>{e450d7f9-7788-4379-9288-2852aab5d49d}</UniqueIdentifier>
    </Filter>
    <Filter Include="Math\Source">
      <UniqueIdentifier>{4898a6b6-31b6-47e8-b326-c5f5b0d36c82}</UniqueIdentifier>
    </Filter>
    <Filter Include="Components">
      <UniqueIdentifier>{d987408b-d8a4-4b94-ae12-7b4c68e13046}</UniqueIdentifier>
    </Filter>
    <Filter Include="Systems">
      <UniqueIdentifier>{fb9bb4a9-1210-4e25-bca4-f4cad16ffb84}</UniqueIdentifier>
    </Filter>
  </ItemGroup>
  <ItemGroup>
    <ClCompile Include="Main.cpp">
      <Filter>源文件</Filter>
    </ClCompile>
    <ClCompile Include="Math\Matrix4x4.cpp">
      <Filter>Math\Source</Filter>
    </ClCompile>
    <ClCompile Include="Math\MathFu_Vector3.cpp">
      <Filter>Math\Source</Filter>
    </ClCompile>
    <ClCompile Include="Systems\CollidorSys.cpp">
      <Filter>Systems</Filter>
    </ClCompile>
    <ClCompile Include="Systems\MaterialSys.cpp">
      <Filter>Systems</Filter>
    </ClCompile>
    <ClCompile Include="Environment.cpp">
      <Filter>源文件</Filter>
    </ClCompile>
    <ClCompile Include="Entity.cpp">
      <Filter>源文件</Filter>
    </ClCompile>
    <ClCompile Include="Universe.cpp">
      <Filter>源文件</Filter>
    </ClCompile>
    <ClCompile Include="Components\CameraCMP.cpp">
      <Filter>Components</Filter>
    </ClCompile>
    <ClCompile Include="Systems\CameraSys.cpp">
      <Filter>Systems</Filter>
    </ClCompile>
    <ClCompile Include="BMPPresenter\BMPPresenter.cpp">
      <Filter>Imp</Filter>
    </ClCompile>
  </ItemGroup>
  <ItemGroup>
    <ClInclude Include="Entity.h">
      <Filter>头文件</Filter>
    </ClInclude>
    <ClInclude Include="Material.h">
      <Filter>头文件</Filter>
    </ClInclude>
    <ClInclude Include="Presenter.h">
      <Filter>头文件</Filter>
    </ClInclude>
    <ClInclude Include="Ray.h">
      <Filter>头文件</Filter>
    </ClInclude>
    <ClInclude Include="BMPPresenter\BMPPresenter.h">
      <Filter>Imp</Filter>
    </ClInclude>
    <ClInclude Include="Math\Vector3.h">
      <Filter>Math\Header</Filter>
    </ClInclude>
    <ClInclude Include="Math\Matrix4x4.h">
      <Filter>Math\Header</Filter>
    </ClInclude>
    <ClInclude Include="Components\CID.h">
      <Filter>Components</Filter>
    </ClInclude>
    <ClInclude Include="Components\Component.h">
      <Filter>Components</Filter>
    </ClInclude>
    <ClInclude Include="Systems\System.h">
      <Filter>Systems</Filter>
    </ClInclude>
    <ClInclude Include="Environment.h">
      <Filter>头文件</Filter>
    </ClInclude>
    <ClInclude Include="Components\CollidorCMP.h">
      <Filter>Components</Filter>
    </ClInclude>
    <ClInclude Include="Systems\CollidorSys.h">
      <Filter>Systems</Filter>
    </ClInclude>
    <ClInclude Include="Components\PositionCMP.h">
      <Filter>Components</Filter>
    </ClInclude>
    <ClInclude Include="Components\MaterialCMP.h">
      <Filter>Components</Filter>
    </ClInclude>
    <ClInclude Include="Systems\MaterialSys.h">
      <Filter>Systems</Filter>
    </ClInclude>
    <ClInclude Include="Universe.h">
      <Filter>头文件</Filter>
    </ClInclude>
    <ClInclude Include="Components\CameraCMP.h">
      <Filter>Components</Filter>
    </ClInclude>
    <ClInclude Include="Systems\CameraSys.h">
      <Filter>Systems</Filter>
    </ClInclude>
  </ItemGroup>
</Project>